
Microsoft Visual Studio Solution File, Format Version 12.00
# Visual Studio 15
VisualStudioVersion = 15.0.26430.15
MinimumVisualStudioVersion = 10.0.40219.1
Project("{FAE04EC0-301F-11D3-BF4B-00C04F79EFBC}") = "Demo", "Demo\Demo.csproj", "{EB8EB276-D936-418E-B833-616C4EABAEB0}"
EndProject
Project("{FAE04EC0-301F-11D3-BF4B-00C04F79EFBC}") = "Security", "Security\Security.csproj", "{D9D4ED18-B39F-4A6F-868E-1F0B4E507912}"
EndProject
Project("{FAE04EC0-301F-11D3-BF4B-00C04F79EFBC}") = "Client", "Client\Client.csproj", "{660C2BDC-2ED7-426A-8AAE-401FC871CC3F}"
EndProject
Global
	GlobalSection(SolutionConfigurationPlatforms) = preSolution
		Debug|Any CPU = Debug|Any CPU
		Release|Any CPU = Release|Any CPU
	EndGlobalSection
	GlobalSection(ProjectConfigurationPlatforms) = postSolution
		{EB8EB276-D936-418E-B833-616C4EABAEB0}.Debug|Any CPU.ActiveCfg = Debug|Any CPU
		{EB8EB276-D936-418E-B833-616C4EABAEB0}.Debug|Any CPU.Build.0 = Debug|Any CPU
		{EB8EB276-D936-418E-B833-616C4EABAEB0}.Release|Any CPU.ActiveCfg = Release|Any CPU
		{EB8EB276-D936-418E-B833-616C4EABAEB0}.Release|Any CPU.Build.0 = Release|Any CPU
		{D9D4ED18-B39F-4A6F-868E-1F0B4E507912}.Debug|Any CPU.ActiveCfg = Debug|Any CPU
		{D9D4ED18-B39F-4A6F-868E-1F0B4E507912}.Debug|Any CPU.Build.0 = Debug|Any CPU
		{D9D4ED18-B39F-4A6F-868E-1F0B4E507912}.Release|Any CPU.ActiveCfg = Release|Any CPU
		{D9D4ED18-B39F-4A6F-868E-1F0B4E507912}.Release|Any CPU.Build.0 = Release|Any CPU
		{660C2BDC-2ED7-426A-8AAE-401FC871CC3F}.Debug|Any CPU.ActiveCfg = Debug|Any CPU
		{660C2BDC-2ED7-426A-8AAE-401FC871CC3F}.Debug|Any CPU.Build.0 = Debug|Any CPU
		{660C2BDC-2ED7-426A-8AAE-401FC871CC3F}.Release|Any CPU.ActiveCfg = Release|Any CPU
		{660C2BDC-2ED7-426A-8AAE-401FC871CC3F}.Release|Any CPU.Build.0 = Release|Any CPU
	EndGlobalSection
	GlobalSection(SolutionProperties) = preSolution
		HideSolutionNode = FALSE
	EndGlobalSection
EndGlobal
